
Microsoft Visual Studio Solution File, Format Version 12.00
# Visual Studio Version 16
VisualStudioVersion = 16.0.29920.165
MinimumVisualStudioVersion = 10.0.40219.1
Project("{9A19103F-16F7-4668-BE54-9A1E7A4F7556}") = "eShopsolution.WebApp", "eShopsolution.WebApp\eShopsolution.WebApp.csproj", "{07474235-3FB5-44F2-92F6-0558497A614B}"
EndProject
Project("{2150E333-8FDC-42A3-9474-1A3956D46DE8}") = "Solution Items", "Solution Items", "{C6570B41-FB05-4309-A511-561F5C826C23}"
	ProjectSection(SolutionItems) = preProject
		README.md = README.md
	EndProjectSection
EndProject
Project("{9A19103F-16F7-4668-BE54-9A1E7A4F7556}") = "eShopSolution.Data", "eShopSolution.Data\eShopSolution.Data.csproj", "{689BA465-97BF-4927-8999-4DF7E5629658}"
EndProject
Project("{9A19103F-16F7-4668-BE54-9A1E7A4F7556}") = "eShopSolution.Application", "eShopSolution.Application\eShopSolution.Application.csproj", "{7410C16B-C257-412B-8DC5-E75E05CFBA2F}"
EndProject
Project("{9A19103F-16F7-4668-BE54-9A1E7A4F7556}") = "eShopSolution.Utilities", "eShopSolution.Utilities\eShopSolution.Utilities.csproj", "{CE24EDD2-A5BB-4F15-8E8C-C04090729A3F}"
EndProject
Project("{9A19103F-16F7-4668-BE54-9A1E7A4F7556}") = "eShopSolution.ViewModels", "eShopSolution.ViewModels\eShopSolution.ViewModels.csproj", "{542C1397-C77A-4E42-BDAF-BF7CB56123A9}"
EndProject
Project("{9A19103F-16F7-4668-BE54-9A1E7A4F7556}") = "eShopSolution.BackendApi", "eShopSolution.BackendApi\eShopSolution.BackendApi.csproj", "{2D7A0A44-3D55-4C84-A972-7B4313B7562C}"
EndProject
Global
	GlobalSection(SolutionConfigurationPlatforms) = preSolution
		Debug|Any CPU = Debug|Any CPU
		Release|Any CPU = Release|Any CPU
	EndGlobalSection
	GlobalSection(ProjectConfigurationPlatforms) = postSolution
		{07474235-3FB5-44F2-92F6-0558497A614B}.Debug|Any CPU.ActiveCfg = Debug|Any CPU
		{07474235-3FB5-44F2-92F6-0558497A614B}.Debug|Any CPU.Build.0 = Debug|Any CPU
		{07474235-3FB5-44F2-92F6-0558497A614B}.Release|Any CPU.ActiveCfg = Release|Any CPU
		{07474235-3FB5-44F2-92F6-0558497A614B}.Release|Any CPU.Build.0 = Release|Any CPU
		{689BA465-97BF-4927-8999-4DF7E5629658}.Debug|Any CPU.ActiveCfg = Debug|Any CPU
		{689BA465-97BF-4927-8999-4DF7E5629658}.Debug|Any CPU.Build.0 = Debug|Any CPU
		{689BA465-97BF-4927-8999-4DF7E5629658}.Release|Any CPU.ActiveCfg = Release|Any CPU
		{689BA465-97BF-4927-8999-4DF7E5629658}.Release|Any CPU.Build.0 = Release|Any CPU
		{7410C16B-C257-412B-8DC5-E75E05CFBA2F}.Debug|Any CPU.ActiveCfg = Debug|Any CPU
		{7410C16B-C257-412B-8DC5-E75E05CFBA2F}.Debug|Any CPU.Build.0 = Debug|Any CPU
		{7410C16B-C257-412B-8DC5-E75E05CFBA2F}.Release|Any CPU.ActiveCfg = Release|Any CPU
		{7410C16B-C257-412B-8DC5-E75E05CFBA2F}.Release|Any CPU.Build.0 = Release|Any CPU
		{CE24EDD2-A5BB-4F15-8E8C-C04090729A3F}.Debug|Any CPU.ActiveCfg = Debug|Any CPU
		{CE24EDD2-A5BB-4F15-8E8C-C04090729A3F}.Debug|Any CPU.Build.0 = Debug|Any CPU
		{CE24EDD2-A5BB-4F15-8E8C-C04090729A3F}.Release|Any CPU.ActiveCfg = Release|Any CPU
		{CE24EDD2-A5BB-4F15-8E8C-C04090729A3F}.Release|Any CPU.Build.0 = Release|Any CPU
		{542C1397-C77A-4E42-BDAF-BF7CB56123A9}.Debug|Any CPU.ActiveCfg = Debug|Any CPU
		{542C1397-C77A-4E42-BDAF-BF7CB56123A9}.Debug|Any CPU.Build.0 = Debug|Any CPU
		{542C1397-C77A-4E42-BDAF-BF7CB56123A9}.Release|Any CPU.ActiveCfg = Release|Any CPU
		{542C1397-C77A-4E42-BDAF-BF7CB56123A9}.Release|Any CPU.Build.0 = Release|Any CPU
		{2D7A0A44-3D55-4C84-A972-7B4313B7562C}.Debug|Any CPU.ActiveCfg = Debug|Any CPU
		{2D7A0A44-3D55-4C84-A972-7B4313B7562C}.Debug|Any CPU.Build.0 = Debug|Any CPU
		{2D7A0A44-3D55-4C84-A972-7B4313B7562C}.Release|Any CPU.ActiveCfg = Release|Any CPU
		{2D7A0A44-3D55-4C84-A972-7B4313B7562C}.Release|Any CPU.Build.0 = Release|Any CPU
	EndGlobalSection
	GlobalSection(SolutionProperties) = preSolution
		HideSolutionNode = FALSE
	EndGlobalSection
	GlobalSection(ExtensibilityGlobals) = postSolution
		SolutionGuid = {F0CED6C2-09C1-4071-B6BB-02BAE5331275}
	EndGlobalSection
EndGlobal
